
Microsoft Visual Studio Solution File, Format Version 12.00
# Visual Studio Version 17
VisualStudioVersion = 17.8.34525.116
MinimumVisualStudioVersion = 10.0.40219.1
Project("{FAE04EC0-301F-11D3-BF4B-00C04F79EFBC}") = "Personel_Prim_Takip_ve_İtiraz_Sistemi", "Personel_Prim_Takip_ve_İtiraz_Sistemi\Personel_Prim_Takip_ve_İtiraz_Sistemi.csproj", "{0D5C5126-DA59-4C67-A54B-7CB23C42D58F}"
EndProject
Global
	GlobalSection(SolutionConfigurationPlatforms) = preSolution
		Debug|Any CPU = Debug|Any CPU
		Release|Any CPU = Release|Any CPU
	EndGlobalSection
	GlobalSection(ProjectConfigurationPlatforms) = postSolution
		{0D5C5126-DA59-4C67-A54B-7CB23C42D58F}.Debug|Any CPU.ActiveCfg = Debug|Any CPU
		{0D5C5126-DA59-4C67-A54B-7CB23C42D58F}.Debug|Any CPU.Build.0 = Debug|Any CPU
		{0D5C5126-DA59-4C67-A54B-7CB23C42D58F}.Release|Any CPU.ActiveCfg = Release|Any CPU
		{0D5C5126-DA59-4C67-A54B-7CB23C42D58F}.Release|Any CPU.Build.0 = Release|Any CPU
	EndGlobalSection
	GlobalSection(SolutionProperties) = preSolution
		HideSolutionNode = FALSE
	EndGlobalSection
	GlobalSection(ExtensibilityGlobals) = postSolution
		SolutionGuid = {940351CB-5C33-4AA5-AFA4-C9CB7677B29E}
	EndGlobalSection
EndGlobal
